{
    "_meta": {
        "hash": {
            "sha256": "5cccd22da0a6a77602f96d0ccb69480e70f491b08320fcd60726dcf89b211188"
        },
        "pipfile-spec": 6,
        "requires": {
            "python_version": "3.8"
        },
        "sources": [
            {
                "name": "pypi",
                "url": "https://pypi.org/simple",
                "verify_ssl": true
            }
        ]
    },
    "default": {
        "django-fsm": {
            "hashes": [
                "sha256:219b204777a932720d8583cb1f34713bd08b4713e1beb39ab2e674810e21d5e9",
                "sha256:c96a844853de0f5dc67791b64beb367b5d56f992dff7c00f9b88c483e09f15ec"
            ],
            "index": "pypi",
            "version": "==2.7.1"
        }
    },
    "develop": {}
}
